<?xml version="1.0" encoding="utf-8"?>
<Project ToolsVersion="4.0" xmlns="http://schemas.microsoft.com/developer/msbuild/2003">
  <ItemGroup>
    <Filter Include="Source Files">
      <UniqueIdentifier>{4FC737F1-C7A5-4376-A066-2A32D752A2FF}</UniqueIdentifier>
      <Extensions>cpp;c;cc;cxx;c++;cppm;ixx;def;odl;idl;hpj;bat;asm;asmx</Extensions>
    </Filter>
    <Filter Include="Header Files">
      <UniqueIdentifier>{93995380-89BD-4b04-88EB-625FBE52EBFB}</UniqueIdentifier>
      <Extensions>h;hh;hpp;hxx;h++;hm;inl;inc;ipp;xsd</Extensions>
    </Filter>
    <Filter Include="Resource Files">
      <UniqueIdentifier>{67DA6AB6-F800-4c08-8B7A-83BB121AAD01}</UniqueIdentifier>
      <Extensions>rc;ico;cur;bmp;dlg;rc2;rct;bin;rgs;gif;jpg;jpeg;jpe;resx;tiff;tif;png;wav;mfcribbon-ms</Extensions>
    </Filter>
    <Filter Include="Header Files\structuri">
      <UniqueIdentifier>{e08179fb-1e59-4a0f-a9bd-d6f0051edbba}</UniqueIdentifier>
    </Filter>
    <Filter Include="Header Files\modele">
      <UniqueIdentifier>{9f87cc51-80f5-4e14-aea2-427466f3ccb0}</UniqueIdentifier>
    </Filter>
    <Filter Include="Header Files\test">
      <UniqueIdentifier>{3a2068be-2425-46c6-a194-643a9e5c203a}</UniqueIdentifier>
    </Filter>
    <Filter Include="Header Files\controlere">
      <UniqueIdentifier>{a08e91e0-e1f4-43c4-9bfd-aa971ae4c0a6}</UniqueIdentifier>
    </Filter>
    <Filter Include="Header Files\view">
      <UniqueIdentifier>{33e64e97-20a4-4df9-8cb0-7d9b696d3497}</UniqueIdentifier>
    </Filter>
  </ItemGroup>
  <ItemGroup>
    <ClCompile Include="StructuriDeDateGenerice.cpp">
      <Filter>Source Files</Filter>
    </ClCompile>
  </ItemGroup>
  <ItemGroup>
    <ClInclude Include="Persoana.h">
      <Filter>Header Files\modele</Filter>
    </ClInclude>
    <ClInclude Include="Masina.h">
      <Filter>Header Files\modele</Filter>
    </ClInclude>
    <ClInclude Include="Node.h">
      <Filter>Header Files\structuri</Filter>
    </ClInclude>
    <ClInclude Include="lista.h">
      <Filter>Header Files\structuri</Filter>
    </ClInclude>
    <ClInclude Include="coada.h">
      <Filter>Header Files\structuri</Filter>
    </ClInclude>
    <ClInclude Include="listaDubla.h">
      <Filter>Header Files\structuri</Filter>
    </ClInclude>
    <ClInclude Include="stiva.h">
      <Filter>Header Files\structuri</Filter>
    </ClInclude>
    <ClInclude Include="functii.h">
      <Filter>Header Files\test</Filter>
    </ClInclude>
    <ClInclude Include="functiiStiva.h">
      <Filter>Header Files\test</Filter>
    </ClInclude>
    <ClInclude Include="functiiCoada.h">
      <Filter>Header Files\test</Filter>
    </ClInclude>
    <ClInclude Include="functiiListaDubla.h">
      <Filter>Header Files\test</Filter>
    </ClInclude>
    <ClInclude Include="ControlMasina.h">
      <Filter>Header Files\controlere</Filter>
    </ClInclude>
    <ClInclude Include="ControlPersoana.h">
      <Filter>Header Files\controlere</Filter>
    </ClInclude>
    <ClInclude Include="ViewLogIn.h">
      <Filter>Header Files\view</Filter>
    </ClInclude>
    <ClInclude Include="ViewAdmin.h">
      <Filter>Header Files\view</Filter>
    </ClInclude>
  </ItemGroup>
  <ItemGroup>
    <Text Include="persoane.txt">
      <Filter>Resource Files</Filter>
    </Text>
    <Text Include="masini.txt">
      <Filter>Resource Files</Filter>
    </Text>
  </ItemGroup>
</Project>